
Microsoft Visual Studio Solution File, Format Version 11.00
# Visual Studio 2010
Project("{FAE04EC0-301F-11D3-BF4B-00C04F79EFBC}") = "WhoNeedsKinect.Web", "WhoNeedsKinect.Web\WhoNeedsKinect.Web.csproj", "{B91828C2-43D0-4B26-85B2-8E3AAA5C8FD0}"
EndProject
Project("{FAE04EC0-301F-11D3-BF4B-00C04F79EFBC}") = "WhoNeedsKinect.Core", "WhoNeedsKinect.Core\WhoNeedsKinect.Core.csproj", "{247398BA-5448-4F37-B345-D6C189D3EB08}"
EndProject
Global
	GlobalSection(SolutionConfigurationPlatforms) = preSolution
		Debug|Any CPU = Debug|Any CPU
		Release|Any CPU = Release|Any CPU
	EndGlobalSection
	GlobalSection(ProjectConfigurationPlatforms) = postSolution
		{B91828C2-43D0-4B26-85B2-8E3AAA5C8FD0}.Debug|Any CPU.ActiveCfg = Debug|Any CPU
		{B91828C2-43D0-4B26-85B2-8E3AAA5C8FD0}.Debug|Any CPU.Build.0 = Debug|Any CPU
		{B91828C2-43D0-4B26-85B2-8E3AAA5C8FD0}.Release|Any CPU.ActiveCfg = Release|Any CPU
		{B91828C2-43D0-4B26-85B2-8E3AAA5C8FD0}.Release|Any CPU.Build.0 = Release|Any CPU
		{247398BA-5448-4F37-B345-D6C189D3EB08}.Debug|Any CPU.ActiveCfg = Debug|Any CPU
		{247398BA-5448-4F37-B345-D6C189D3EB08}.Debug|Any CPU.Build.0 = Debug|Any CPU
		{247398BA-5448-4F37-B345-D6C189D3EB08}.Release|Any CPU.ActiveCfg = Release|Any CPU
		{247398BA-5448-4F37-B345-D6C189D3EB08}.Release|Any CPU.Build.0 = Release|Any CPU
	EndGlobalSection
	GlobalSection(SolutionProperties) = preSolution
		HideSolutionNode = FALSE
	EndGlobalSection
EndGlobal
